
Microsoft Visual Studio Solution File, Format Version 12.00
# Visual Studio Version 17
VisualStudioVersion = 17.12.35527.113
MinimumVisualStudioVersion = 10.0.40219.1
Project("{FAE04EC0-301F-11D3-BF4B-00C04F79EFBC}") = "ContestService.API", "Contest.Service\ContestService.API.csproj", "{88DD64E3-2AC6-4CA8-ACB2-60003439A6FC}"
EndProject
Project("{FAE04EC0-301F-11D3-BF4B-00C04F79EFBC}") = "ContestService.BLL", "ContestService.BLL\ContestService.BLL.csproj", "{0999DB53-EF9A-4A01-AE1D-8E267BC20733}"
EndProject
Project("{FAE04EC0-301F-11D3-BF4B-00C04F79EFBC}") = "ContestService.DAL", "ContestService.DAL\ContestService.DAL.csproj", "{0165B19B-1700-4B77-9A3B-74D39170B4F3}"
EndProject
Project("{2150E333-8FDC-42A3-9474-1A3956D46DE8}") = "Solution Items", "Solution Items", "{592AC1E2-E172-47EA-A40D-0105C0587460}"
	ProjectSection(SolutionItems) = preProject
		.editorconfig = .editorconfig
	EndProjectSection
EndProject
Project("{FAE04EC0-301F-11D3-BF4B-00C04F79EFBC}") = "ContestService.BLL.Tests", "ContestService.BLL.Test\ContestService.BLL.Tests.csproj", "{F4FAAA04-A87C-4B15-BC13-BF6E0036C30A}"
EndProject
Global
	GlobalSection(SolutionConfigurationPlatforms) = preSolution
		Debug|Any CPU = Debug|Any CPU
		Release|Any CPU = Release|Any CPU
	EndGlobalSection
	GlobalSection(ProjectConfigurationPlatforms) = postSolution
		{88DD64E3-2AC6-4CA8-ACB2-60003439A6FC}.Debug|Any CPU.ActiveCfg = Debug|Any CPU
		{88DD64E3-2AC6-4CA8-ACB2-60003439A6FC}.Debug|Any CPU.Build.0 = Debug|Any CPU
		{88DD64E3-2AC6-4CA8-ACB2-60003439A6FC}.Release|Any CPU.ActiveCfg = Release|Any CPU
		{88DD64E3-2AC6-4CA8-ACB2-60003439A6FC}.Release|Any CPU.Build.0 = Release|Any CPU
		{0999DB53-EF9A-4A01-AE1D-8E267BC20733}.Debug|Any CPU.ActiveCfg = Debug|Any CPU
		{0999DB53-EF9A-4A01-AE1D-8E267BC20733}.Debug|Any CPU.Build.0 = Debug|Any CPU
		{0999DB53-EF9A-4A01-AE1D-8E267BC20733}.Release|Any CPU.ActiveCfg = Release|Any CPU
		{0999DB53-EF9A-4A01-AE1D-8E267BC20733}.Release|Any CPU.Build.0 = Release|Any CPU
		{0165B19B-1700-4B77-9A3B-74D39170B4F3}.Debug|Any CPU.ActiveCfg = Debug|Any CPU
		{0165B19B-1700-4B77-9A3B-74D39170B4F3}.Debug|Any CPU.Build.0 = Debug|Any CPU
		{0165B19B-1700-4B77-9A3B-74D39170B4F3}.Release|Any CPU.ActiveCfg = Release|Any CPU
		{0165B19B-1700-4B77-9A3B-74D39170B4F3}.Release|Any CPU.Build.0 = Release|Any CPU
		{F4FAAA04-A87C-4B15-BC13-BF6E0036C30A}.Debug|Any CPU.ActiveCfg = Debug|Any CPU
		{F4FAAA04-A87C-4B15-BC13-BF6E0036C30A}.Debug|Any CPU.Build.0 = Debug|Any CPU
		{F4FAAA04-A87C-4B15-BC13-BF6E0036C30A}.Release|Any CPU.ActiveCfg = Release|Any CPU
		{F4FAAA04-A87C-4B15-BC13-BF6E0036C30A}.Release|Any CPU.Build.0 = Release|Any CPU
	EndGlobalSection
	GlobalSection(SolutionProperties) = preSolution
		HideSolutionNode = FALSE
	EndGlobalSection
EndGlobal
